dependencies:
  espressif/led_strip:
    component_hash: 28c6509a727ef74925b372ed404772aeedf11cce10b78c3f69b3c66799095e2d
    source:
      service_url: https://api.components.espressif.com/
      type: service
    version: 2.5.5
  idf:
    component_hash: null
    source:
      type: idf
    version: 5.1.2
manifest_hash: 3ea5cbf8e7f5d121d30456166177949b1a1872186d68986d66b6016df02cda32
target: esp32s3
version: 1.0.0
